<?xml version="1.0" encoding="utf-8"?>
<Project ToolsVersion="4.0" xmlns="http://schemas.microsoft.com/developer/msbuild/2003">
  <ItemGroup>
    <Filter Include="源文件">
      <UniqueIdentifier>{4FC737F1-C7A5-4376-A066-2A32D752A2FF}</UniqueIdentifier>
      <Extensions>cpp;c;cc;cxx;def;odl;idl;hpj;bat;asm;asmx</Extensions>
    </Filter>
    <Filter Include="头文件">
      <UniqueIdentifier>{93995380-89BD-4b04-88EB-625FBE52EBFB}</UniqueIdentifier>
      <Extensions>h;hh;hpp;hxx;hm;inl;inc;xsd</Extensions>
    </Filter>
    <Filter Include="资源文件">
      <UniqueIdentifier>{67DA6AB6-F800-4c08-8B7A-83BB121AAD01}</UniqueIdentifier>
      <Extensions>rc;ico;cur;bmp;dlg;rc2;rct;bin;rgs;gif;jpg;jpeg;jpe;resx;tiff;tif;png;wav;mfcribbon-ms</Extensions>
    </Filter>
  </ItemGroup>
  <ItemGroup>
    <ClCompile Include="377_combinationsum4.cpp">
      <Filter>源文件</Filter>
    </ClCompile>
    <ClCompile Include="exclusiveOR_xor.cpp">
      <Filter>源文件</Filter>
    </ClCompile>
    <ClCompile Include="finddisappearednumbers.cpp">
      <Filter>源文件</Filter>
    </ClCompile>
    <ClCompile Include="kmp.cpp">
      <Filter>源文件</Filter>
    </ClCompile>
    <ClCompile Include="numDecodings.cpp">
      <Filter>源文件</Filter>
    </ClCompile>
    <ClCompile Include="sortcolor.cpp">
      <Filter>源文件</Filter>
    </ClCompile>
    <ClCompile Include="to_sum.cpp">
      <Filter>源文件</Filter>
    </ClCompile>
    <ClCompile Include="类.cpp">
      <Filter>源文件</Filter>
    </ClCompile>
    <ClCompile Include="392_isSubsequence.cpp">
      <Filter>源文件</Filter>
    </ClCompile>
    <ClCompile Include="cout_out.cpp">
      <Filter>源文件</Filter>
    </ClCompile>
    <ClCompile Include="emplace_pushback.cpp">
      <Filter>源文件</Filter>
    </ClCompile>
    <ClCompile Include="finddisappearednums.cpp">
      <Filter>源文件</Filter>
    </ClCompile>
    <ClCompile Include="largestDivisiblesubset.cpp">
      <Filter>源文件</Filter>
    </ClCompile>
    <ClCompile Include="new and delete.cpp">
      <Filter>源文件</Filter>
    </ClCompile>
    <ClCompile Include="NumMartix.cpp">
      <Filter>源文件</Filter>
    </ClCompile>
    <ClCompile Include="removeduplicate.cpp">
      <Filter>源文件</Filter>
    </ClCompile>
    <ClCompile Include="removeduplicate3.cpp">
      <Filter>源文件</Filter>
    </ClCompile>
    <ClCompile Include="Vector二维.cpp">
      <Filter>源文件</Filter>
    </ClCompile>
    <ClCompile Include="类currency.cpp">
      <Filter>源文件</Filter>
    </ClCompile>
    <ClCompile Include="异常类illegalParameterValue.cpp">
      <Filter>源文件</Filter>
    </ClCompile>
    <ClCompile Include="链表复制构造函数.cpp">
      <Filter>源文件</Filter>
    </ClCompile>
    <ClCompile Include="1842_minDays.cpp">
      <Filter>源文件</Filter>
    </ClCompile>
    <ClCompile Include="7_intreverse.cpp">
      <Filter>源文件</Filter>
    </ClCompile>
    <ClCompile Include="sizeof_variable.cpp">
      <Filter>源文件</Filter>
    </ClCompile>
    <ClCompile Include="swap.cpp">
      <Filter>源文件</Filter>
    </ClCompile>
    <ClCompile Include="Cpp_basics.cpp">
      <Filter>源文件</Filter>
    </ClCompile>
    <ClCompile Include="1734_decoded.cpp">
      <Filter>源文件</Filter>
    </ClCompile>
    <ClCompile Include="1310_xorQueries.cpp">
      <Filter>源文件</Filter>
    </ClCompile>
    <ClCompile Include="point.cpp">
      <Filter>源文件</Filter>
    </ClCompile>
    <ClCompile Include="circle.cpp">
      <Filter>源文件</Filter>
    </ClCompile>
    <ClCompile Include="421_findMaximunXOR.cpp">
      <Filter>源文件</Filter>
    </ClCompile>
    <ClCompile Include="Cpp_Improve.cpp">
      <Filter>源文件</Filter>
    </ClCompile>
    <ClCompile Include="myArray.cpp">
      <Filter>源文件</Filter>
    </ClCompile>
    <ClCompile Include="1442_counttriplets.cpp">
      <Filter>源文件</Filter>
    </ClCompile>
    <ClCompile Include="20_有效的括号.cpp">
      <Filter>源文件</Filter>
    </ClCompile>
    <ClCompile Include="215_数组中第K个最大元素.cpp">
      <Filter>源文件</Filter>
    </ClCompile>
    <ClCompile Include="数据结构测试代码.cpp">
      <Filter>源文件</Filter>
    </ClCompile>
    <ClCompile Include="AVLTreeTest.cpp">
      <Filter>源文件</Filter>
    </ClCompile>
    <ClCompile Include="栈进行四则运算.cpp">
      <Filter>源文件</Filter>
    </ClCompile>
    <ClCompile Include="十大排序算法.cpp">
      <Filter>源文件</Filter>
    </ClCompile>
    <ClCompile Include="1190_反转每对括号间的子串.cpp">
      <Filter>源文件</Filter>
    </ClCompile>
    <ClCompile Include="剑指10_斐波那契数列.cpp">
      <Filter>源文件</Filter>
    </ClCompile>
    <ClCompile Include="322_零钱兑换.cpp">
      <Filter>源文件</Filter>
    </ClCompile>
    <ClCompile Include="剑指68_二叉搜索树的最近公共祖先.cpp">
      <Filter>源文件</Filter>
    </ClCompile>
    <ClCompile Include="8._字符串转换整数 (atoi).cpp">
      <Filter>源文件</Filter>
    </ClCompile>
    <ClCompile Include="unordered_map操作.cpp">
      <Filter>源文件</Filter>
    </ClCompile>
    <ClCompile Include="练习十大算法.cpp">
      <Filter>源文件</Filter>
    </ClCompile>
    <ClCompile Include="105_从前序与中序遍历序列构造二叉树.cpp">
      <Filter>源文件</Filter>
    </ClCompile>
    <ClCompile Include="建立二叉树.cpp">
      <Filter>源文件</Filter>
    </ClCompile>
    <ClCompile Include="450_删除二叉搜索树中的节点.cpp">
      <Filter>源文件</Filter>
    </ClCompile>
    <ClCompile Include="106_从中序与后序遍历序列构造二叉树.cpp">
      <Filter>源文件</Filter>
    </ClCompile>
    <ClCompile Include="146._LRU缓存机制.cpp">
      <Filter>源文件</Filter>
    </ClCompile>
    <ClCompile Include="new 对象加括号和不加括号的区别.cpp">
      <Filter>源文件</Filter>
    </ClCompile>
    <ClCompile Include="3_无重复字符的最长子串.cpp">
      <Filter>源文件</Filter>
    </ClCompile>
    <ClCompile Include="76_最小覆盖子串.cpp">
      <Filter>源文件</Filter>
    </ClCompile>
    <ClCompile Include="239_滑动窗口最大值.cpp">
      <Filter>源文件</Filter>
    </ClCompile>
    <ClCompile Include="nextgreatelement.cpp">
      <Filter>源文件</Filter>
    </ClCompile>
    <ClCompile Include="移动构造.cpp">
      <Filter>源文件</Filter>
    </ClCompile>
    <ClCompile Include="160_相交链表.cpp">
      <Filter>源文件</Filter>
    </ClCompile>
    <ClCompile Include="剑指_59_队列最大值.cpp">
      <Filter>源文件</Filter>
    </ClCompile>
    <ClCompile Include="203_移除链表元素.cpp">
      <Filter>源文件</Filter>
    </ClCompile>
    <ClCompile Include="673_最长递增子序列个数.cpp">
      <Filter>源文件</Filter>
    </ClCompile>
    <ClCompile Include="5_最长回文子串.cpp">
      <Filter>源文件</Filter>
    </ClCompile>
    <ClCompile Include="121_股票买卖问题.cpp">
      <Filter>源文件</Filter>
    </ClCompile>
    <ClCompile Include="72_编辑距离.cpp">
      <Filter>源文件</Filter>
    </ClCompile>
    <ClCompile Include="44_通配符匹配.cpp">
      <Filter>源文件</Filter>
    </ClCompile>
    <ClCompile Include="剑指46_把数字翻译成字符串.cpp">
      <Filter>源文件</Filter>
    </ClCompile>
    <ClCompile Include="剑指48_最长不含重复字符的子字符串cpp.cpp">
      <Filter>源文件</Filter>
    </ClCompile>
    <ClCompile Include="剑指68_2_二叉树的最近公共祖先.cpp">
      <Filter>源文件</Filter>
    </ClCompile>
    <ClCompile Include="剑指33_二叉搜索树的后序遍历序列.cpp">
      <Filter>源文件</Filter>
    </ClCompile>
    <ClCompile Include="46_全排列.cpp">
      <Filter>源文件</Filter>
    </ClCompile>
    <ClCompile Include="22_括号生成.cpp">
      <Filter>源文件</Filter>
    </ClCompile>
    <ClCompile Include="78_子集.cpp">
      <Filter>源文件</Filter>
    </ClCompile>
    <ClCompile Include="90_子集2.cpp">
      <Filter>源文件</Filter>
    </ClCompile>
    <ClCompile Include="93_复原IP地址.cpp">
      <Filter>源文件</Filter>
    </ClCompile>
    <ClCompile Include="79_单词搜索.cpp">
      <Filter>源文件</Filter>
    </ClCompile>
    <ClCompile Include="200_岛屿数量.cpp">
      <Filter>源文件</Filter>
    </ClCompile>
    <ClCompile Include="剑指13_机器人的运动范围.cpp">
      <Filter>源文件</Filter>
    </ClCompile>
    <ClCompile Include="二叉树前中后序遍历非递归实现.cpp">
      <Filter>源文件</Filter>
    </ClCompile>
    <ClCompile Include="429_N叉树的层序遍历.cpp">
      <Filter>源文件</Filter>
    </ClCompile>
    <ClCompile Include="210_课程表2.cpp">
      <Filter>源文件</Filter>
    </ClCompile>
  </ItemGroup>
  <ItemGroup>
    <ClInclude Include="time_interval.h">
      <Filter>头文件</Filter>
    </ClInclude>
    <ClInclude Include="swap.h">
      <Filter>头文件</Filter>
    </ClInclude>
    <ClInclude Include="point.h">
      <Filter>头文件</Filter>
    </ClInclude>
    <ClInclude Include="circle.h">
      <Filter>头文件</Filter>
    </ClInclude>
    <ClInclude Include="myArray.hpp">
      <Filter>头文件</Filter>
    </ClInclude>
    <ClInclude Include="AVLTree.hpp">
      <Filter>头文件</Filter>
    </ClInclude>
  </ItemGroup>
</Project>